
Microsoft Visual Studio Solution File, Format Version 12.00
# Visual Studio 15
VisualStudioVersion = 15.0.27004.2010
MinimumVisualStudioVersion = 10.0.40219.1
Project("{888888A0-9F3D-457C-B088-3A5042F75D52}") = "ToDo", "ToDo\ToDo.pyproj", "{656385D8-6901-4B9B-BAEA-E14CA5B55E86}"
EndProject
Global
	GlobalSection(SolutionConfigurationPlatforms) = preSolution
		Debug|Any CPU = Debug|Any CPU
		Release|Any CPU = Release|Any CPU
	EndGlobalSection
	GlobalSection(ProjectConfigurationPlatforms) = postSolution
		{656385D8-6901-4B9B-BAEA-E14CA5B55E86}.Debug|Any CPU.ActiveCfg = Debug|Any CPU
		{656385D8-6901-4B9B-BAEA-E14CA5B55E86}.Debug|Any CPU.Build.0 = Debug|Any CPU
		{656385D8-6901-4B9B-BAEA-E14CA5B55E86}.Release|Any CPU.ActiveCfg = Release|Any CPU
		{656385D8-6901-4B9B-BAEA-E14CA5B55E86}.Release|Any CPU.Build.0 = Release|Any CPU
	EndGlobalSection
	GlobalSection(SolutionProperties) = preSolution
		HideSolutionNode = FALSE
	EndGlobalSection
	GlobalSection(ExtensibilityGlobals) = postSolution
		SolutionGuid = {EAC63452-8AAE-4926-8BEF-224FF1C3A3B2}
	EndGlobalSection
EndGlobal
